<?xml version="1.0" encoding="utf-8" ?>
<Project ToolsVersion="4.0" xmlns="http://schemas.microsoft.com/developer/msbuild/2003">
    <ItemGroup>
        <Filter Include="simple_library">
            <UniqueIdentifier>{E7B14AA2-5748-4DE0-8391-4B1199762B28}</UniqueIdentifier>
        </Filter>
        <Filter Include="simple_library\private">
            <UniqueIdentifier>{587AEDF6-D747-4FB2-8CD7-08D5253322C9}</UniqueIdentifier>
        </Filter>
        <Filter Include="simple_library\private\simple_channel">
            <UniqueIdentifier>{A9798E34-205D-4F1A-B476-823901027AFD}</UniqueIdentifier>
        </Filter>
        <Filter Include="simple_library\private\simple_channel\simple_io_stream">
            <UniqueIdentifier>{CD3F9112-CF3D-4679-90C9-341DF50BF182}</UniqueIdentifier>
        </Filter>
        <Filter Include="simple_library\private\simple_channel\simple_net_channel">
            <UniqueIdentifier>{5F8E105D-3828-4693-B71F-06005FF559A4}</UniqueIdentifier>
        </Filter>
        <Filter Include="simple_library\private\simple_channel\simple_net_connetion">
            <UniqueIdentifier>{D79A66DA-F14B-4261-8D2D-F39E9723B0CF}</UniqueIdentifier>
        </Filter>
        <Filter Include="simple_library\private\simple_channel\simple_net_drive">
            <UniqueIdentifier>{A696B326-54DB-4E04-9E81-B4E721C41ABE}</UniqueIdentifier>
        </Filter>
        <Filter Include="simple_library\private\simple_core_minimal">
            <UniqueIdentifier>{8BF6D8DD-F5AC-47EA-A0A3-DA64994C8B7E}</UniqueIdentifier>
        </Filter>
        <Filter Include="simple_library\private\simple_core_minimal\simple_c_core">
            <UniqueIdentifier>{88ECB4B4-4591-4C1F-B90E-47A0EB86FC1B}</UniqueIdentifier>
        </Filter>
        <Filter Include="simple_library\private\simple_core_minimal\simple_c_core\simple_c_array">
            <UniqueIdentifier>{B3459A7E-7A0D-4205-974D-50A102DB9ACD}</UniqueIdentifier>
        </Filter>
        <Filter Include="simple_library\private\simple_core_minimal\simple_c_core\simple_c_string_algorithm">
            <UniqueIdentifier>{88C7C838-CA6B-480C-BC12-720CDC8D2D85}</UniqueIdentifier>
        </Filter>
        <Filter Include="simple_library\private\simple_core_minimal\simple_c_guid">
            <UniqueIdentifier>{3FD5848D-2CEF-4F65-BAF2-6FABF0FB7B10}</UniqueIdentifier>
        </Filter>
        <Filter Include="simple_library\private\simple_core_minimal\simple_c_helper_file">
            <UniqueIdentifier>{340BF910-1AA4-4159-94F0-63DF13254A14}</UniqueIdentifier>
        </Filter>
        <Filter Include="simple_library\private\simple_core_minimal\simple_c_path">
            <UniqueIdentifier>{46A8A8B3-07AF-4015-8B4E-3F5CB84079F0}</UniqueIdentifier>
        </Filter>
        <Filter Include="simple_library\private\simple_core_minimal\simple_c_time">
            <UniqueIdentifier>{59CEE045-3786-4EC5-845B-77794D9341CC}</UniqueIdentifier>
        </Filter>
        <Filter Include="simple_library\private\simple_core_minimal\simple_c_windows">
            <UniqueIdentifier>{5967ADB9-80F1-49E9-8C1A-02E106536DE4}</UniqueIdentifier>
        </Filter>
        <Filter Include="simple_library\private\simple_cpp_core_minimal">
            <UniqueIdentifier>{46E6C204-E23E-4FF8-831A-7D794173CA0F}</UniqueIdentifier>
        </Filter>
        <Filter Include="simple_library\private\simple_cpp_core_minimal\simple_cpp_helper_file">
            <UniqueIdentifier>{9B2878A2-219B-499D-9E9D-334B242C3AD5}</UniqueIdentifier>
        </Filter>
        <Filter Include="simple_library\private\simple_cpp_core_minimal\simple_cpp_string_algorithm">
            <UniqueIdentifier>{5015BD66-AEC6-4B7A-99CE-51238E13CAF3}</UniqueIdentifier>
        </Filter>
        <Filter Include="simple_library\private\simple_c_log">
            <UniqueIdentifier>{D2969E51-5AC9-4666-A563-06C76A084B2B}</UniqueIdentifier>
        </Filter>
        <Filter Include="simple_library\private\simple_image">
            <UniqueIdentifier>{4D0E4090-C500-44D8-B707-55F802B4B743}</UniqueIdentifier>
        </Filter>
        <Filter Include="simple_library\private\simple_image\Core">
            <UniqueIdentifier>{4F8117A6-18A7-4EDC-A410-F1F77C322613}</UniqueIdentifier>
        </Filter>
        <Filter Include="simple_library\private\simple_math">
            <UniqueIdentifier>{910C3EB1-7521-45A4-BDBF-5E6AA27FC5C9}</UniqueIdentifier>
        </Filter>
        <Filter Include="simple_library\private\simple_math\soft_rasterization">
            <UniqueIdentifier>{B668210D-96EF-4AE2-9D29-D61F6392D4E6}</UniqueIdentifier>
        </Filter>
        <Filter Include="simple_library\private\simple_math\transformation">
            <UniqueIdentifier>{72F4F30D-ED7D-40E8-A373-3A77500281E5}</UniqueIdentifier>
        </Filter>
        <Filter Include="simple_library\private\simple_math\transformation\matrix">
            <UniqueIdentifier>{11BDC4C4-223B-4B84-9785-696ABE008848}</UniqueIdentifier>
        </Filter>
        <Filter Include="simple_library\private\simple_math\transformation\primitives">
            <UniqueIdentifier>{88396069-4841-4FBD-B92F-3BB3AAFE72FA}</UniqueIdentifier>
        </Filter>
        <Filter Include="simple_library\private\simple_math\transformation\quaternion">
            <UniqueIdentifier>{587301E9-5519-4ED4-9A76-C250DA3750C5}</UniqueIdentifier>
        </Filter>
        <Filter Include="simple_library\private\simple_math\transformation\rotator">
            <UniqueIdentifier>{0F896D10-C4CB-4AD5-BE02-04BB5952DC6C}</UniqueIdentifier>
        </Filter>
        <Filter Include="simple_library\private\simple_math\transformation\vector">
            <UniqueIdentifier>{1D458146-4778-4889-B110-838D3C237645}</UniqueIdentifier>
        </Filter>
        <Filter Include="simple_library\public">
            <UniqueIdentifier>{EE825AFE-BD74-4B5B-B204-8EC1CA134A94}</UniqueIdentifier>
        </Filter>
        <Filter Include="simple_library\public\simple_array">
            <UniqueIdentifier>{AF74DCFB-297C-4A34-AED9-405B7115E580}</UniqueIdentifier>
        </Filter>
        <Filter Include="simple_library\public\simple_channel">
            <UniqueIdentifier>{6BC3EA40-3896-4BBF-A640-C10ED2037EF5}</UniqueIdentifier>
        </Filter>
        <Filter Include="simple_library\public\simple_channel\simple_core">
            <UniqueIdentifier>{6FB2B099-EBE0-4097-9609-89697249BE64}</UniqueIdentifier>
        </Filter>
        <Filter Include="simple_library\public\simple_core_minimal">
            <UniqueIdentifier>{48E071A4-6017-42C7-892F-47FF9A4B3A9A}</UniqueIdentifier>
        </Filter>
        <Filter Include="simple_library\public\simple_core_minimal\simple_c_core">
            <UniqueIdentifier>{00405E69-F0C1-4450-95C1-DEB5783E3C6B}</UniqueIdentifier>
        </Filter>
        <Filter Include="simple_library\public\simple_core_minimal\simple_c_core\simple_c_array">
            <UniqueIdentifier>{32AF5B45-5B4D-4853-AA78-BD1222A541C8}</UniqueIdentifier>
        </Filter>
        <Filter Include="simple_library\public\simple_core_minimal\simple_c_core\simple_c_array\Core">
            <UniqueIdentifier>{4B8937B6-A7DF-4CC2-A7CA-C451E7DE7A8A}</UniqueIdentifier>
        </Filter>
        <Filter Include="simple_library\public\simple_core_minimal\simple_c_core\simple_c_string_algorithm">
            <UniqueIdentifier>{91D638AB-B8D9-4714-80D5-3A451E0149D2}</UniqueIdentifier>
        </Filter>
        <Filter Include="simple_library\public\simple_core_minimal\simple_c_guid">
            <UniqueIdentifier>{745BDFF7-5766-4518-B0E0-2D4680E38476}</UniqueIdentifier>
        </Filter>
        <Filter Include="simple_library\public\simple_core_minimal\simple_c_helper_file">
            <UniqueIdentifier>{01A41083-2458-4711-AB9E-1ECC225FE2E6}</UniqueIdentifier>
        </Filter>
        <Filter Include="simple_library\public\simple_core_minimal\simple_c_path">
            <UniqueIdentifier>{4735DDE4-2269-4848-BDA8-35FF8810E654}</UniqueIdentifier>
        </Filter>
        <Filter Include="simple_library\public\simple_core_minimal\simple_c_time">
            <UniqueIdentifier>{4C173AE8-CE5D-4D7F-8568-EE46ACE7B06C}</UniqueIdentifier>
        </Filter>
        <Filter Include="simple_library\public\simple_core_minimal\simple_c_windows">
            <UniqueIdentifier>{7A27364D-2AD7-4A4B-AEFA-D328B937329B}</UniqueIdentifier>
        </Filter>
        <Filter Include="simple_library\public\simple_cpp_core_minimal">
            <UniqueIdentifier>{E046EFEA-0AE8-4586-9D79-4E8B1D8D754D}</UniqueIdentifier>
        </Filter>
        <Filter Include="simple_library\public\simple_cpp_core_minimal\shared">
            <UniqueIdentifier>{07936198-1C2C-4B71-B089-AC4CE277D0DA}</UniqueIdentifier>
        </Filter>
        <Filter Include="simple_library\public\simple_cpp_core_minimal\simple_cpp_helper_file">
            <UniqueIdentifier>{DCD6D022-F9E7-480D-9E33-91E0C6BCC17B}</UniqueIdentifier>
        </Filter>
        <Filter Include="simple_library\public\simple_cpp_core_minimal\simple_cpp_string_algorithm">
            <UniqueIdentifier>{BDBD9164-3450-409E-BE74-E8B76C6DB6FF}</UniqueIdentifier>
        </Filter>
        <Filter Include="simple_library\public\simple_c_log">
            <UniqueIdentifier>{E9A3D520-52EE-4A18-B1AF-D070A42FFDF6}</UniqueIdentifier>
        </Filter>
        <Filter Include="simple_library\public\simple_delegate">
            <UniqueIdentifier>{D8793DD0-D4D8-4B0F-87E8-DE603F69E800}</UniqueIdentifier>
        </Filter>
        <Filter Include="simple_library\public\simple_image">
            <UniqueIdentifier>{BD79FCF1-F0AB-4A21-98D7-2456C11D3DD2}</UniqueIdentifier>
        </Filter>
        <Filter Include="simple_library\public\simple_image\Core">
            <UniqueIdentifier>{288F6A6C-F37C-41EB-AE60-A1917A1495DB}</UniqueIdentifier>
        </Filter>
        <Filter Include="simple_library\public\simple_math">
            <UniqueIdentifier>{653967A2-2A10-4F91-AEC3-E359DF9BF9FF}</UniqueIdentifier>
        </Filter>
        <Filter Include="simple_library\public\simple_math\soft_rasterization">
            <UniqueIdentifier>{AB161915-2EDD-49D2-85EC-5026FF11FCD2}</UniqueIdentifier>
        </Filter>
        <Filter Include="simple_library\public\simple_math\transformation">
            <UniqueIdentifier>{E4A5AE3D-1B19-4D15-8A0C-3A5C6161DB73}</UniqueIdentifier>
        </Filter>
        <Filter Include="simple_library\public\simple_math\transformation\matrix">
            <UniqueIdentifier>{EB1E3A0F-CCFA-4A65-8A37-13BAFF02E48B}</UniqueIdentifier>
        </Filter>
        <Filter Include="simple_library\public\simple_math\transformation\primitives">
            <UniqueIdentifier>{51370A51-8D2F-4B72-BF00-FD7A750F2C0C}</UniqueIdentifier>
        </Filter>
        <Filter Include="simple_library\public\simple_math\transformation\quaternion">
            <UniqueIdentifier>{B86CB3A6-76E6-42BE-879A-8E431BB48E80}</UniqueIdentifier>
        </Filter>
        <Filter Include="simple_library\public\simple_math\transformation\rotator">
            <UniqueIdentifier>{231FE246-7DE6-4DC6-8E2C-06875EA83E62}</UniqueIdentifier>
        </Filter>
        <Filter Include="simple_library\public\simple_math\transformation\vector">
            <UniqueIdentifier>{686BF0CC-4107-4F56-897B-104184080577}</UniqueIdentifier>
        </Filter>
        <Filter Include="simple_library\third_party_library">
            <UniqueIdentifier>{89C1B0BB-8E71-4EDD-89E2-9DAFDBA3FBF0}</UniqueIdentifier>
        </Filter>
        <Filter Include="simple_library\third_party_library\tinyxml">
            <UniqueIdentifier>{6ED71F8C-B9AC-42A2-A613-DB337F29D92F}</UniqueIdentifier>
        </Filter>
    </ItemGroup>
    <ItemGroup>
        <ClCompile Include="simple_library\private\simple_channel\simple_io_stream\simple_io_stream.cpp">
            <Filter>simple_library\private\simple_channel\simple_io_stream</Filter>
        </ClCompile>
        <ClCompile Include="simple_library\private\simple_channel\simple_net_channel\simple_channel.cpp">
            <Filter>simple_library\private\simple_channel\simple_net_channel</Filter>
        </ClCompile>
        <ClCompile Include="simple_library\private\simple_channel\simple_net_connetion\simple_connetion.cpp">
            <Filter>simple_library\private\simple_channel\simple_net_connetion</Filter>
        </ClCompile>
        <ClCompile Include="simple_library\private\simple_channel\simple_net_connetion\simple_connetion_tcp.cpp">
            <Filter>simple_library\private\simple_channel\simple_net_connetion</Filter>
        </ClCompile>
        <ClCompile Include="simple_library\private\simple_channel\simple_net_connetion\simple_connetion_udp.cpp">
            <Filter>simple_library\private\simple_channel\simple_net_connetion</Filter>
        </ClCompile>
        <ClCompile Include="simple_library\private\simple_channel\simple_net_drive\simple_net_drive.cpp">
            <Filter>simple_library\private\simple_channel\simple_net_drive</Filter>
        </ClCompile>
        <ClCompile Include="simple_library\private\simple_channel\simple_net_drive\simple_net_drive_tcp.cpp">
            <Filter>simple_library\private\simple_channel\simple_net_drive</Filter>
        </ClCompile>
        <ClCompile Include="simple_library\private\simple_channel\simple_net_drive\simple_net_drive_udp.cpp">
            <Filter>simple_library\private\simple_channel\simple_net_drive</Filter>
        </ClCompile>
        <ClCompile Include="simple_library\private\simple_channel\simple_net_type.cpp">
            <Filter>simple_library\private\simple_channel</Filter>
        </ClCompile>
        <ClCompile Include="simple_library\private\simple_channel\simple_object.cpp">
            <Filter>simple_library\private\simple_channel</Filter>
        </ClCompile>
        <ClCompile Include="simple_library\private\simple_core_minimal\simple_c_core\simple_c_array\simple_c_array_string.c">
            <Filter>simple_library\private\simple_core_minimal\simple_c_core\simple_c_array</Filter>
        </ClCompile>
        <ClCompile Include="simple_library\private\simple_core_minimal\simple_c_core\simple_c_string_algorithm\string_algorithm.c">
            <Filter>simple_library\private\simple_core_minimal\simple_c_core\simple_c_string_algorithm</Filter>
        </ClCompile>
        <ClCompile Include="simple_library\private\simple_core_minimal\simple_c_guid\simple_guid.c">
            <Filter>simple_library\private\simple_core_minimal\simple_c_guid</Filter>
        </ClCompile>
        <ClCompile Include="simple_library\private\simple_core_minimal\simple_c_helper_file\simple_file_helper.c">
            <Filter>simple_library\private\simple_core_minimal\simple_c_helper_file</Filter>
        </ClCompile>
        <ClCompile Include="simple_library\private\simple_core_minimal\simple_c_path\simple_c_path.c">
            <Filter>simple_library\private\simple_core_minimal\simple_c_path</Filter>
        </ClCompile>
        <ClCompile Include="simple_library\private\simple_core_minimal\simple_c_time\simple_c_locale_list.c">
            <Filter>simple_library\private\simple_core_minimal\simple_c_time</Filter>
        </ClCompile>
        <ClCompile Include="simple_library\private\simple_core_minimal\simple_c_time\simple_c_time.c">
            <Filter>simple_library\private\simple_core_minimal\simple_c_time</Filter>
        </ClCompile>
        <ClCompile Include="simple_library\private\simple_core_minimal\simple_c_windows\simple_c_windows_register.c">
            <Filter>simple_library\private\simple_core_minimal\simple_c_windows</Filter>
        </ClCompile>
        <ClCompile Include="simple_library\private\simple_core_minimal\simple_c_windows\simple_c_windows_setting.c">
            <Filter>simple_library\private\simple_core_minimal\simple_c_windows</Filter>
        </ClCompile>
        <ClCompile Include="simple_library\private\simple_cpp_core_minimal\simple_cpp_helper_file\simple_cpp_helper_file.cpp">
            <Filter>simple_library\private\simple_cpp_core_minimal\simple_cpp_helper_file</Filter>
        </ClCompile>
        <ClCompile Include="simple_library\private\simple_cpp_core_minimal\simple_cpp_string_algorithm\simple_cpp_string_algorithm.cpp">
            <Filter>simple_library\private\simple_cpp_core_minimal\simple_cpp_string_algorithm</Filter>
        </ClCompile>
        <ClCompile Include="simple_library\private\simple_c_log\simple_c_log.c">
            <Filter>simple_library\private\simple_c_log</Filter>
        </ClCompile>
        <ClCompile Include="simple_library\private\simple_image\Core\simple_image_bmp.cpp">
            <Filter>simple_library\private\simple_image\Core</Filter>
        </ClCompile>
        <ClCompile Include="simple_library\private\simple_image\simple_image.cpp">
            <Filter>simple_library\private\simple_image</Filter>
        </ClCompile>
        <ClCompile Include="simple_library\private\simple_math\math_utils.cpp">
            <Filter>simple_library\private\simple_math</Filter>
        </ClCompile>
        <ClCompile Include="simple_library\private\simple_math\simple_math.c">
            <Filter>simple_library\private\simple_math</Filter>
        </ClCompile>
        <ClCompile Include="simple_library\private\simple_math\soft_rasterization\soft_rasterization.cpp">
            <Filter>simple_library\private\simple_math\soft_rasterization</Filter>
        </ClCompile>
        <ClCompile Include="simple_library\private\simple_math\transformation\matrix\matrix_2x2.cpp">
            <Filter>simple_library\private\simple_math\transformation\matrix</Filter>
        </ClCompile>
        <ClCompile Include="simple_library\private\simple_math\transformation\matrix\matrix_3x3.cpp">
            <Filter>simple_library\private\simple_math\transformation\matrix</Filter>
        </ClCompile>
        <ClCompile Include="simple_library\private\simple_math\transformation\matrix\matrix_4x4.cpp">
            <Filter>simple_library\private\simple_math\transformation\matrix</Filter>
        </ClCompile>
        <ClCompile Include="simple_library\private\simple_math\transformation\primitives\line.cpp">
            <Filter>simple_library\private\simple_math\transformation\primitives</Filter>
        </ClCompile>
        <ClCompile Include="simple_library\private\simple_math\transformation\primitives\triangle.cpp">
            <Filter>simple_library\private\simple_math\transformation\primitives</Filter>
        </ClCompile>
        <ClCompile Include="simple_library\private\simple_math\transformation\quaternion\quat.cpp">
            <Filter>simple_library\private\simple_math\transformation\quaternion</Filter>
        </ClCompile>
        <ClCompile Include="simple_library\private\simple_math\transformation\rotator\rotator.cpp">
            <Filter>simple_library\private\simple_math\transformation\rotator</Filter>
        </ClCompile>
        <ClCompile Include="simple_library\private\simple_math\transformation\vector\vector_2d.cpp">
            <Filter>simple_library\private\simple_math\transformation\vector</Filter>
        </ClCompile>
        <ClCompile Include="simple_library\private\simple_math\transformation\vector\vector_2id.cpp">
            <Filter>simple_library\private\simple_math\transformation\vector</Filter>
        </ClCompile>
        <ClCompile Include="simple_library\private\simple_math\transformation\vector\vector_3d.cpp">
            <Filter>simple_library\private\simple_math\transformation\vector</Filter>
        </ClCompile>
        <ClCompile Include="simple_library\private\simple_math\transformation\vector\vector_3id.cpp">
            <Filter>simple_library\private\simple_math\transformation\vector</Filter>
        </ClCompile>
        <ClCompile Include="simple_library\private\simple_math\transformation\vector\vector_4d.cpp">
            <Filter>simple_library\private\simple_math\transformation\vector</Filter>
        </ClCompile>
        <ClCompile Include="simple_library\private\simple_math\transformation\vector\vector_4id.cpp">
            <Filter>simple_library\private\simple_math\transformation\vector</Filter>
        </ClCompile>
        <ClCompile Include="simple_library\private\simple_math\transformation\vector\vector_color.cpp">
            <Filter>simple_library\private\simple_math\transformation\vector</Filter>
        </ClCompile>
        <ClCompile Include="simple_library\third_party_library\tinyxml\tinystr.cpp">
            <Filter>simple_library\third_party_library\tinyxml</Filter>
        </ClCompile>
        <ClCompile Include="simple_library\third_party_library\tinyxml\tinyxml.cpp">
            <Filter>simple_library\third_party_library\tinyxml</Filter>
        </ClCompile>
        <ClCompile Include="simple_library\third_party_library\tinyxml\tinyxmlerror.cpp">
            <Filter>simple_library\third_party_library\tinyxml</Filter>
        </ClCompile>
        <ClCompile Include="simple_library\third_party_library\tinyxml\tinyxmlparser.cpp">
            <Filter>simple_library\third_party_library\tinyxml</Filter>
        </ClCompile>
    </ItemGroup>
    <ItemGroup>
        <ClInclude Include="simple_library\private\simple_channel\simple_net_connetion\simple_connetion_tcp.h">
            <Filter>simple_library\private\simple_channel\simple_net_connetion</Filter>
        </ClInclude>
        <ClInclude Include="simple_library\private\simple_channel\simple_net_connetion\simple_connetion_udp.h">
            <Filter>simple_library\private\simple_channel\simple_net_connetion</Filter>
        </ClInclude>
        <ClInclude Include="simple_library\private\simple_channel\simple_net_drive\simple_net_drive_tcp.h">
            <Filter>simple_library\private\simple_channel\simple_net_drive</Filter>
        </ClInclude>
        <ClInclude Include="simple_library\private\simple_channel\simple_net_drive\simple_net_drive_udp.h">
            <Filter>simple_library\private\simple_channel\simple_net_drive</Filter>
        </ClInclude>
        <ClInclude Include="simple_library\public\simple_array\simple_hash_array.h">
            <Filter>simple_library\public\simple_array</Filter>
        </ClInclude>
        <ClInclude Include="simple_library\public\simple_channel\simple_core\simple_channel.h">
            <Filter>simple_library\public\simple_channel\simple_core</Filter>
        </ClInclude>
        <ClInclude Include="simple_library\public\simple_channel\simple_core\simple_connetion.h">
            <Filter>simple_library\public\simple_channel\simple_core</Filter>
        </ClInclude>
        <ClInclude Include="simple_library\public\simple_channel\simple_core\simple_io_stream.h">
            <Filter>simple_library\public\simple_channel\simple_core</Filter>
        </ClInclude>
        <ClInclude Include="simple_library\public\simple_channel\simple_core\simple_net_macro.h">
            <Filter>simple_library\public\simple_channel\simple_core</Filter>
        </ClInclude>
        <ClInclude Include="simple_library\public\simple_channel\simple_core\simple_object.h">
            <Filter>simple_library\public\simple_channel\simple_core</Filter>
        </ClInclude>
        <ClInclude Include="simple_library\public\simple_channel\simple_net_drive.h">
            <Filter>simple_library\public\simple_channel</Filter>
        </ClInclude>
        <ClInclude Include="simple_library\public\simple_channel\simple_net_protocols.h">
            <Filter>simple_library\public\simple_channel</Filter>
        </ClInclude>
        <ClInclude Include="simple_library\public\simple_channel\simple_net_type.h">
            <Filter>simple_library\public\simple_channel</Filter>
        </ClInclude>
        <ClInclude Include="simple_library\public\simple_channel\simple_protocols_definition.h">
            <Filter>simple_library\public\simple_channel</Filter>
        </ClInclude>
        <ClInclude Include="simple_library\public\simple_core_minimal\simple_c_core\simple_core_minimal.h">
            <Filter>simple_library\public\simple_core_minimal\simple_c_core</Filter>
        </ClInclude>
        <ClInclude Include="simple_library\public\simple_core_minimal\simple_c_core\simple_c_array\Core\simple_array_c_macro.h">
            <Filter>simple_library\public\simple_core_minimal\simple_c_core\simple_c_array\Core</Filter>
        </ClInclude>
        <ClInclude Include="simple_library\public\simple_core_minimal\simple_c_core\simple_c_array\simple_c_array.h">
            <Filter>simple_library\public\simple_core_minimal\simple_c_core\simple_c_array</Filter>
        </ClInclude>
        <ClInclude Include="simple_library\public\simple_core_minimal\simple_c_core\simple_c_array\simple_c_array_string.h">
            <Filter>simple_library\public\simple_core_minimal\simple_c_core\simple_c_array</Filter>
        </ClInclude>
        <ClInclude Include="simple_library\public\simple_core_minimal\simple_c_core\simple_c_string_algorithm\string_algorithm.h">
            <Filter>simple_library\public\simple_core_minimal\simple_c_core\simple_c_string_algorithm</Filter>
        </ClInclude>
        <ClInclude Include="simple_library\public\simple_core_minimal\simple_c_guid\simple_guid.h">
            <Filter>simple_library\public\simple_core_minimal\simple_c_guid</Filter>
        </ClInclude>
        <ClInclude Include="simple_library\public\simple_core_minimal\simple_c_helper_file\simple_file_helper.h">
            <Filter>simple_library\public\simple_core_minimal\simple_c_helper_file</Filter>
        </ClInclude>
        <ClInclude Include="simple_library\public\simple_core_minimal\simple_c_path\simple_path.h">
            <Filter>simple_library\public\simple_core_minimal\simple_c_path</Filter>
        </ClInclude>
        <ClInclude Include="simple_library\public\simple_core_minimal\simple_c_time\simple_c_locale_list.h">
            <Filter>simple_library\public\simple_core_minimal\simple_c_time</Filter>
        </ClInclude>
        <ClInclude Include="simple_library\public\simple_core_minimal\simple_c_time\simple_c_time.h">
            <Filter>simple_library\public\simple_core_minimal\simple_c_time</Filter>
        </ClInclude>
        <ClInclude Include="simple_library\public\simple_core_minimal\simple_c_windows\simple_c_windows_register.h">
            <Filter>simple_library\public\simple_core_minimal\simple_c_windows</Filter>
        </ClInclude>
        <ClInclude Include="simple_library\public\simple_core_minimal\simple_c_windows\simple_c_windows_setting.h">
            <Filter>simple_library\public\simple_core_minimal\simple_c_windows</Filter>
        </ClInclude>
        <ClInclude Include="simple_library\public\simple_cpp_core_minimal\shared\simple_cpp_shared_ptr.h">
            <Filter>simple_library\public\simple_cpp_core_minimal\shared</Filter>
        </ClInclude>
        <ClInclude Include="simple_library\public\simple_cpp_core_minimal\shared\simple_cpp_shared_ptr_type.h">
            <Filter>simple_library\public\simple_cpp_core_minimal\shared</Filter>
        </ClInclude>
        <ClInclude Include="simple_library\public\simple_cpp_core_minimal\simple_cpp_core_minimal.h">
            <Filter>simple_library\public\simple_cpp_core_minimal</Filter>
        </ClInclude>
        <ClInclude Include="simple_library\public\simple_cpp_core_minimal\simple_cpp_helper_file\simple_cpp_helper_file.h">
            <Filter>simple_library\public\simple_cpp_core_minimal\simple_cpp_helper_file</Filter>
        </ClInclude>
        <ClInclude Include="simple_library\public\simple_cpp_core_minimal\simple_cpp_string_algorithm\simple_cpp_string_algorithm.h">
            <Filter>simple_library\public\simple_cpp_core_minimal\simple_cpp_string_algorithm</Filter>
        </ClInclude>
        <ClInclude Include="simple_library\public\simple_c_log\simple_c_log.h">
            <Filter>simple_library\public\simple_c_log</Filter>
        </ClInclude>
        <ClInclude Include="simple_library\public\simple_delegate\simple_delegate.h">
            <Filter>simple_library\public\simple_delegate</Filter>
        </ClInclude>
        <ClInclude Include="simple_library\public\simple_image\Core\simple_image_bmp.h">
            <Filter>simple_library\public\simple_image\Core</Filter>
        </ClInclude>
        <ClInclude Include="simple_library\public\simple_image\Core\simple_image_type.h">
            <Filter>simple_library\public\simple_image\Core</Filter>
        </ClInclude>
        <ClInclude Include="simple_library\public\simple_image\simple_image.h">
            <Filter>simple_library\public\simple_image</Filter>
        </ClInclude>
        <ClInclude Include="simple_library\public\simple_library.h">
            <Filter>simple_library\public</Filter>
        </ClInclude>
        <ClInclude Include="simple_library\public\simple_library_macro.h">
            <Filter>simple_library\public</Filter>
        </ClInclude>
        <ClInclude Include="simple_library\public\simple_math\math_libray.hpp">
            <Filter>simple_library\public\simple_math</Filter>
        </ClInclude>
        <ClInclude Include="simple_library\public\simple_math\math_utils.h">
            <Filter>simple_library\public\simple_math</Filter>
        </ClInclude>
        <ClInclude Include="simple_library\public\simple_math\simple_core_math.h">
            <Filter>simple_library\public\simple_math</Filter>
        </ClInclude>
        <ClInclude Include="simple_library\public\simple_math\simple_math.h">
            <Filter>simple_library\public\simple_math</Filter>
        </ClInclude>
        <ClInclude Include="simple_library\public\simple_math\soft_rasterization\soft_rasterization.h">
            <Filter>simple_library\public\simple_math\soft_rasterization</Filter>
        </ClInclude>
        <ClInclude Include="simple_library\public\simple_math\transformation\matrix\matrix_2x2.h">
            <Filter>simple_library\public\simple_math\transformation\matrix</Filter>
        </ClInclude>
        <ClInclude Include="simple_library\public\simple_math\transformation\matrix\matrix_3x3.h">
            <Filter>simple_library\public\simple_math\transformation\matrix</Filter>
        </ClInclude>
        <ClInclude Include="simple_library\public\simple_math\transformation\matrix\matrix_4x4.h">
            <Filter>simple_library\public\simple_math\transformation\matrix</Filter>
        </ClInclude>
        <ClInclude Include="simple_library\public\simple_math\transformation\primitives\line.h">
            <Filter>simple_library\public\simple_math\transformation\primitives</Filter>
        </ClInclude>
        <ClInclude Include="simple_library\public\simple_math\transformation\primitives\triangle.h">
            <Filter>simple_library\public\simple_math\transformation\primitives</Filter>
        </ClInclude>
        <ClInclude Include="simple_library\public\simple_math\transformation\quaternion\quat.h">
            <Filter>simple_library\public\simple_math\transformation\quaternion</Filter>
        </ClInclude>
        <ClInclude Include="simple_library\public\simple_math\transformation\rotator\rotator.h">
            <Filter>simple_library\public\simple_math\transformation\rotator</Filter>
        </ClInclude>
        <ClInclude Include="simple_library\public\simple_math\transformation\vector\vector_2d.h">
            <Filter>simple_library\public\simple_math\transformation\vector</Filter>
        </ClInclude>
        <ClInclude Include="simple_library\public\simple_math\transformation\vector\vector_2id.h">
            <Filter>simple_library\public\simple_math\transformation\vector</Filter>
        </ClInclude>
        <ClInclude Include="simple_library\public\simple_math\transformation\vector\vector_3d.h">
            <Filter>simple_library\public\simple_math\transformation\vector</Filter>
        </ClInclude>
        <ClInclude Include="simple_library\public\simple_math\transformation\vector\vector_3id.h">
            <Filter>simple_library\public\simple_math\transformation\vector</Filter>
        </ClInclude>
        <ClInclude Include="simple_library\public\simple_math\transformation\vector\vector_4d.h">
            <Filter>simple_library\public\simple_math\transformation\vector</Filter>
        </ClInclude>
        <ClInclude Include="simple_library\public\simple_math\transformation\vector\vector_4id.h">
            <Filter>simple_library\public\simple_math\transformation\vector</Filter>
        </ClInclude>
        <ClInclude Include="simple_library\public\simple_math\transformation\vector\vector_color.h">
            <Filter>simple_library\public\simple_math\transformation\vector</Filter>
        </ClInclude>
        <ClInclude Include="simple_library\third_party_library\tinyxml\tinystr.h">
            <Filter>simple_library\third_party_library\tinyxml</Filter>
        </ClInclude>
        <ClInclude Include="simple_library\third_party_library\tinyxml\tinyxml.h">
            <Filter>simple_library\third_party_library\tinyxml</Filter>
        </ClInclude>
    </ItemGroup>
</Project>
